
Microsoft Visual Studio Solution File, Format Version 12.00
# Visual Studio Version 17
VisualStudioVersion = 17.3.32901.215
MinimumVisualStudioVersion = 10.0.40219.1
Project("{9A19103F-16F7-4668-BE54-9A1E7A4F7556}") = "m365-developer-proxy", "m365-developer-proxy\m365-developer-proxy.csproj", "{A1047491-5E52-4755-B5D7-17B3774E35FC}"
EndProject
Project("{2150E333-8FDC-42A3-9474-1A3956D46DE8}") = "Solution Items", "Solution Items", "{1CC1EC7F-4839-43C8-9980-9BCB19609FA9}"
	ProjectSection(SolutionItems) = preProject
		LICENSE = LICENSE
		README.md = README.md
		settings.editorconfig = settings.editorconfig
	EndProjectSection
EndProject
Project("{9A19103F-16F7-4668-BE54-9A1E7A4F7556}") = "m365-developer-proxy-plugins", "m365-developer-proxy-plugins\m365-developer-proxy-plugins.csproj", "{CEEEAB75-B242-47CC-9956-2C4311EF010A}"
EndProject
Project("{9A19103F-16F7-4668-BE54-9A1E7A4F7556}") = "m365-developer-proxy-abstractions", "m365-developer-proxy-abstractions\m365-developer-proxy-abstractions.csproj", "{E9AADB3C-A855-4E1A-8D91-036FC0EAC85A}"
EndProject
Global
	GlobalSection(SolutionConfigurationPlatforms) = preSolution
		Debug|Any CPU = Debug|Any CPU
		Release|Any CPU = Release|Any CPU
	EndGlobalSection
	GlobalSection(ProjectConfigurationPlatforms) = postSolution
		{A1047491-5E52-4755-B5D7-17B3774E35FC}.Debug|Any CPU.ActiveCfg = Debug|Any CPU
		{A1047491-5E52-4755-B5D7-17B3774E35FC}.Debug|Any CPU.Build.0 = Debug|Any CPU
		{A1047491-5E52-4755-B5D7-17B3774E35FC}.Release|Any CPU.ActiveCfg = Release|Any CPU
		{A1047491-5E52-4755-B5D7-17B3774E35FC}.Release|Any CPU.Build.0 = Release|Any CPU
		{CEEEAB75-B242-47CC-9956-2C4311EF010A}.Debug|Any CPU.ActiveCfg = Debug|Any CPU
		{CEEEAB75-B242-47CC-9956-2C4311EF010A}.Debug|Any CPU.Build.0 = Debug|Any CPU
		{CEEEAB75-B242-47CC-9956-2C4311EF010A}.Release|Any CPU.ActiveCfg = Release|Any CPU
		{CEEEAB75-B242-47CC-9956-2C4311EF010A}.Release|Any CPU.Build.0 = Release|Any CPU
		{E9AADB3C-A855-4E1A-8D91-036FC0EAC85A}.Debug|Any CPU.ActiveCfg = Debug|Any CPU
		{E9AADB3C-A855-4E1A-8D91-036FC0EAC85A}.Debug|Any CPU.Build.0 = Debug|Any CPU
		{E9AADB3C-A855-4E1A-8D91-036FC0EAC85A}.Release|Any CPU.ActiveCfg = Release|Any CPU
		{E9AADB3C-A855-4E1A-8D91-036FC0EAC85A}.Release|Any CPU.Build.0 = Release|Any CPU
	EndGlobalSection
	GlobalSection(SolutionProperties) = preSolution
		HideSolutionNode = FALSE
	EndGlobalSection
	GlobalSection(ExtensibilityGlobals) = postSolution
		SolutionGuid = {A8F99066-D1AF-43EF-BEF0-2FF759CF1EE8}
	EndGlobalSection
EndGlobal
